# This file is generated by running "yarn install" inside your project.
# Manual changes might be lost - proceed with caution!

__metadata:
  version: 8
  cacheKey: 10c0

"@eslint-community/eslint-utils@npm:^4.8.0, @eslint-community/eslint-utils@npm:^4.9.1":
  version: 4.9.1
  resolution: "@eslint-community/eslint-utils@npm:4.9.1"
  dependencies:
    eslint-visitor-keys: "npm:^3.4.3"
  peerDependencies:
    eslint: ^6.0.0 || ^7.0.0 || >=8.0.0
  checksum: 10c0/dc4ab5e3e364ef27e33666b11f4b86e1a6c1d7cbf16f0c6ff87b1619b3562335e9201a3d6ce806221887ff780ec9d828962a290bb910759fd40a674686503f02
  languageName: node
  linkType: hard

"@eslint-community/regexpp@npm:^4.12.2":
  version: 4.12.2
  resolution: "@eslint-community/regexpp@npm:4.12.2"
  checksum: 10c0/fddcbc66851b308478d04e302a4d771d6917a0b3740dc351513c0da9ca2eab8a1adf99f5e0aa7ab8b13fa0df005c81adeee7e63a92f3effd7d367a163b721c2d
  languageName: node
  linkType: hard

"@eslint/config-array@npm:^0.23.4":
  version: 0.23.4
  resolution: "@eslint/config-array@npm:0.23.4"
  dependencies:
    "@eslint/object-schema": "npm:^3.0.4"
    debug: "npm:^4.3.1"
    minimatch: "npm:^10.2.4"
  checksum: 10c0/813ce3588e67d615218219e77526ca4c742405c293f209f5c0ff945fec50a9a8007c7d82c5af8fa82c1a506b57f4dc37cef0e96b2366c41c257dd267862ece95
  languageName: node
  linkType: hard

"@eslint/config-helpers@npm:^0.5.4":
  version: 0.5.4
  resolution: "@eslint/config-helpers@npm:0.5.4"
  dependencies:
    "@eslint/core": "npm:^1.2.0"
  checksum: 10c0/211bbfaba53fde341768eafbfdcceeca5587264c0a952d4c70b8b72c440df60e5b0e9bac33893c671dc556275a1b0c5d28c8023e843a127be216a773a11ae762
  languageName: node
  linkType: hard

"@eslint/core@npm:^1.2.0":
  version: 1.2.0
  resolution: "@eslint/core@npm:1.2.0"
  dependencies:
    "@types/json-schema": "npm:^7.0.15"
  checksum: 10c0/e564945218f7f3910dfd0f57bf7852072060f560c241f5ed96a7b13e9f7fed4cc5707ee5eb44653f2bf4f9576ee7b7921f55cc5ac96f72343d0c5e80818fe2bf
  languageName: node
  linkType: hard

"@eslint/object-schema@npm:^3.0.4":
  version: 3.0.4
  resolution: "@eslint/object-schema@npm:3.0.4"
  checksum: 10c0/fedfc0acf5d899c9f58106c9d718fae4f4d5e6e21f0aa33b2333c746873d979ff9e295a09668bd7bf2a41f82dd886ebd3a73d023ce3c8722a1f24bd143842162
  languageName: node
  linkType: hard

"@eslint/plugin-kit@npm:^0.7.0":
  version: 0.7.0
  resolution: "@eslint/plugin-kit@npm:0.7.0"
  dependencies:
    "@eslint/core": "npm:^1.2.0"
    levn: "npm:^0.4.1"
  checksum: 10c0/ea96c393dc1424f1a74fdd253478eda6cf864f31527d9472bd379decc5195da0b141fcb2dc767d7fe296184a3f26c91a19b2e5445be9b6a9b48b1bed9d18b737
  languageName: node
  linkType: hard

"@humanfs/core@npm:^0.19.1":
  version: 0.19.1
  resolution: "@humanfs/core@npm:0.19.1"
  checksum: 10c0/aa4e0152171c07879b458d0e8a704b8c3a89a8c0541726c6b65b81e84fd8b7564b5d6c633feadc6598307d34564bd53294b533491424e8e313d7ab6c7bc5dc67
  languageName: node
  linkType: hard

"@humanfs/node@npm:^0.16.6":
  version: 0.16.7
  resolution: "@humanfs/node@npm:0.16.7"
  dependencies:
    "@humanfs/core": "npm:^0.19.1"
    "@humanwhocodes/retry": "npm:^0.4.0"
  checksum: 10c0/9f83d3cf2cfa37383e01e3cdaead11cd426208e04c44adcdd291aa983aaf72d7d3598844d2fe9ce54896bb1bf8bd4b56883376611c8905a19c44684642823f30
  languageName: node
  linkType: hard

"@humanwhocodes/module-importer@npm:^1.0.1":
  version: 1.0.1
  resolution: "@humanwhocodes/module-importer@npm:1.0.1"
  checksum: 10c0/909b69c3b86d482c26b3359db16e46a32e0fb30bd306a3c176b8313b9e7313dba0f37f519de6aa8b0a1921349e505f259d19475e123182416a506d7f87e7f529
  languageName: node
  linkType: hard

"@humanwhocodes/retry@npm:^0.4.0, @humanwhocodes/retry@npm:^0.4.2":
  version: 0.4.3
  resolution: "@humanwhocodes/retry@npm:0.4.3"
  checksum: 10c0/3775bb30087d4440b3f7406d5a057777d90e4b9f435af488a4923ef249e93615fb78565a85f173a186a076c7706a81d0d57d563a2624e4de2c5c9c66c486ce42
  languageName: node
  linkType: hard

"@types/esrecurse@npm:^4.3.1":
  version: 4.3.1
  resolution: "@types/esrecurse@npm:4.3.1"
  checksum: 10c0/90dad74d5da3ad27606d8e8e757322f33171cfeaa15ad558b615cf71bb2a516492d18f55f4816384685a3eb2412142e732bbae9a4a7cd2cf3deb7572aa4ebe03
  languageName: node
  linkType: hard

"@types/estree@npm:^1.0.6, @types/estree@npm:^1.0.8":
  version: 1.0.8
  resolution: "@types/estree@npm:1.0.8"
  checksum: 10c0/39d34d1afaa338ab9763f37ad6066e3f349444f9052b9676a7cc0252ef9485a41c6d81c9c4e0d26e9077993354edf25efc853f3224dd4b447175ef62bdcc86a5
  languageName: node
  linkType: hard

"@types/json-schema@npm:^7.0.15":
  version: 7.0.15
  resolution: "@types/json-schema@npm:7.0.15"
  checksum: 10c0/a996a745e6c5d60292f36731dd41341339d4eeed8180bb09226e5c8d23759067692b1d88e5d91d72ee83dfc00d3aca8e7bd43ea120516c17922cbcb7c3e252db
  languageName: node
  linkType: hard

"@typescript-eslint/eslint-plugin@npm:^8.58.0":
  version: 8.58.0
  resolution: "@typescript-eslint/eslint-plugin@npm:8.58.0"
  dependencies:
    "@eslint-community/regexpp": "npm:^4.12.2"
    "@typescript-eslint/scope-manager": "npm:8.58.0"
    "@typescript-eslint/type-utils": "npm:8.58.0"
    "@typescript-eslint/utils": "npm:8.58.0"
    "@typescript-eslint/visitor-keys": "npm:8.58.0"
    ignore: "npm:^7.0.5"
    natural-compare: "npm:^1.4.0"
    ts-api-utils: "npm:^2.5.0"
  peerDependencies:
    "@typescript-eslint/parser": ^8.58.0
    eslint: ^8.57.0 || ^9.0.0 || ^10.0.0
    typescript: ">=4.8.4 <6.1.0"
  checksum: 10c0/ac45c30f6ba9e188a01144708aa845e7ee8bb8a4d4f9aa6d2dce7784852d0821d42b031fee6832069935c3b885feff6d4014e30145b99693d25d7f563266a9f8
  languageName: node
  linkType: hard

"@typescript-eslint/parser@npm:^8.58.0":
  version: 8.58.0
  resolution: "@typescript-eslint/parser@npm:8.58.0"
  dependencies:
    "@typescript-eslint/scope-manager": "npm:8.58.0"
    "@typescript-eslint/types": "npm:8.58.0"
    "@typescript-eslint/typescript-estree": "npm:8.58.0"
    "@typescript-eslint/visitor-keys": "npm:8.58.0"
    debug: "npm:^4.4.3"
  peerDependencies:
    eslint: ^8.57.0 || ^9.0.0 || ^10.0.0
    typescript: ">=4.8.4 <6.1.0"
  checksum: 10c0/56c7ec21675cec4730760bfa37c29e42e80b4d6444e2beca55fad9ef53731392270d142797482ea798405be0d7e28ec6c9c16a1ee2ee1c94f73d3bf0ed29763c
  languageName: node
  linkType: hard

"@typescript-eslint/project-service@npm:8.58.0":
  version: 8.58.0
  resolution: "@typescript-eslint/project-service@npm:8.58.0"
  dependencies:
    "@typescript-eslint/tsconfig-utils": "npm:^8.58.0"
    "@typescript-eslint/types": "npm:^8.58.0"
    debug: "npm:^4.4.3"
  peerDependencies:
    typescript: ">=4.8.4 <6.1.0"
  checksum: 10c0/e6d0cb2f7708ccb31a2ff9eb35817d4999c26e1f1cd3c607539e21d0c73a234daa77c73ee1163bc4e8b139252d619823c444759f1ddabdd138cab4885e9c9794
  languageName: node
  linkType: hard

"@typescript-eslint/scope-manager@npm:8.58.0":
  version: 8.58.0
  resolution: "@typescript-eslint/scope-manager@npm:8.58.0"
  dependencies:
    "@typescript-eslint/types": "npm:8.58.0"
    "@typescript-eslint/visitor-keys": "npm:8.58.0"
  checksum: 10c0/bd5c16780f22d62359af0f69909f38a15fa3c55e609124a7cd5c2a04322fe41e586d81066f3ad1dcc3c1eff24dbcb48b78d099626d611fbd680c20c005d48f1d
  languageName: node
  linkType: hard

"@typescript-eslint/tsconfig-utils@npm:8.58.0, @typescript-eslint/tsconfig-utils@npm:^8.58.0":
  version: 8.58.0
  resolution: "@typescript-eslint/tsconfig-utils@npm:8.58.0"
  peerDependencies:
    typescript: ">=4.8.4 <6.1.0"
  checksum: 10c0/0a07fe1a28b2513e625882bc8d4c4e0c5a105cdbcb987beae12fc66dbe71dc9638013e4d1fa8ad10d828a2acd5e3fed987c189c00d41fed0e880009f99adf1b2
  languageName: node
  linkType: hard

"@typescript-eslint/type-utils@npm:8.58.0":
  version: 8.58.0
  resolution: "@typescript-eslint/type-utils@npm:8.58.0"
  dependencies:
    "@typescript-eslint/types": "npm:8.58.0"
    "@typescript-eslint/typescript-estree": "npm:8.58.0"
    "@typescript-eslint/utils": "npm:8.58.0"
    debug: "npm:^4.4.3"
    ts-api-utils: "npm:^2.5.0"
  peerDependencies:
    eslint: ^8.57.0 || ^9.0.0 || ^10.0.0
    typescript: ">=4.8.4 <6.1.0"
  checksum: 10c0/1223733d41f8463be92ef1ad048d546f9663152212b22dc968abbd9f8e4486bd4082e16baa51d2d281e0d4815563bc4b1ecf01684e2940b7897ba17aa26d1196
  languageName: node
  linkType: hard

"@typescript-eslint/types@npm:8.58.0, @typescript-eslint/types@npm:^8.58.0":
  version: 8.58.0
  resolution: "@typescript-eslint/types@npm:8.58.0"
  checksum: 10c0/f2fe1321758a04591c20d77caba956ae76b77cff0b976a0224b37077d80b1ebd826874d15ec79c3a3b7d57ee5679e5d10756db1b082bde3d51addbd3a8431d38
  languageName: node
  linkType: hard

"@typescript-eslint/typescript-estree@npm:8.58.0":
  version: 8.58.0
  resolution: "@typescript-eslint/typescript-estree@npm:8.58.0"
  dependencies:
    "@typescript-eslint/project-service": "npm:8.58.0"
    "@typescript-eslint/tsconfig-utils": "npm:8.58.0"
    "@typescript-eslint/types": "npm:8.58.0"
    "@typescript-eslint/visitor-keys": "npm:8.58.0"
    debug: "npm:^4.4.3"
    minimatch: "npm:^10.2.2"
    semver: "npm:^7.7.3"
    tinyglobby: "npm:^0.2.15"
    ts-api-utils: "npm:^2.5.0"
  peerDependencies:
    typescript: ">=4.8.4 <6.1.0"
  checksum: 10c0/a8cb94cb765b27740a54f9b5378bd8f0dc49e301ceed99a0791dc9d1f61c2a54e3212f7ed9120c8c2df80104ad3117150cf5e7fe8a0b7eec3ed04969a79b103e
  languageName: node
  linkType: hard

"@typescript-eslint/utils@npm:8.58.0":
  version: 8.58.0
  resolution: "@typescript-eslint/utils@npm:8.58.0"
  dependencies:
    "@eslint-community/eslint-utils": "npm:^4.9.1"
    "@typescript-eslint/scope-manager": "npm:8.58.0"
    "@typescript-eslint/types": "npm:8.58.0"
    "@typescript-eslint/typescript-estree": "npm:8.58.0"
  peerDependencies:
    eslint: ^8.57.0 || ^9.0.0 || ^10.0.0
    typescript: ">=4.8.4 <6.1.0"
  checksum: 10c0/457e01a6e6d954dbfe13c49ece3cf8a55e5d8cf19ea9ae7086c0e205d89e3cdbb91153062ab440d2e78ad3f077b174adc42bfb1b6fc24299020a0733e7f9c11c
  languageName: node
  linkType: hard

"@typescript-eslint/visitor-keys@npm:8.58.0":
  version: 8.58.0
  resolution: "@typescript-eslint/visitor-keys@npm:8.58.0"
  dependencies:
    "@typescript-eslint/types": "npm:8.58.0"
    eslint-visitor-keys: "npm:^5.0.0"
  checksum: 10c0/75f3c9c097a308cc6450822a0f81d44c8b79b524e99dd2c41ded347b12f148ab3bd459ce9cc6bd00f8f0725c5831baab6d2561596ead3394ab76dddbeb32cce1
  languageName: node
  linkType: hard

"acorn-jsx@npm:^5.3.2":
  version: 5.3.2
  resolution: "acorn-jsx@npm:5.3.2"
  peerDependencies:
    acorn: ^6.0.0 || ^7.0.0 || ^8.0.0
  checksum: 10c0/4c54868fbef3b8d58927d5e33f0a4de35f59012fe7b12cf9dfbb345fb8f46607709e1c4431be869a23fb63c151033d84c4198fa9f79385cec34fcb1dd53974c1
  languageName: node
  linkType: hard

"acorn@npm:^8.16.0":
  version: 8.16.0
  resolution: "acorn@npm:8.16.0"
  bin:
    acorn: bin/acorn
  checksum: 10c0/c9c52697227661b68d0debaf972222d4f622aa06b185824164e153438afa7b08273432ca43ea792cadb24dada1d46f6f6bb1ef8de9956979288cc1b96bf9914e
  languageName: node
  linkType: hard

"ajv@npm:^6.14.0":
  version: 6.14.0
  resolution: "ajv@npm:6.14.0"
  dependencies:
    fast-deep-equal: "npm:^3.1.1"
    fast-json-stable-stringify: "npm:^2.0.0"
    json-schema-traverse: "npm:^0.4.1"
    uri-js: "npm:^4.2.2"
  checksum: 10c0/a2bc39b0555dc9802c899f86990eb8eed6e366cddbf65be43d5aa7e4f3c4e1a199d5460fd7ca4fb3d864000dbbc049253b72faa83b3b30e641ca52cb29a68c22
  languageName: node
  linkType: hard

"ansi-escapes@npm:^7.0.0":
  version: 7.3.0
  resolution: "ansi-escapes@npm:7.3.0"
  dependencies:
    environment: "npm:^1.0.0"
  checksum: 10c0/068961d99f0ef28b661a4a9f84a5d645df93ccf3b9b93816cc7d46bbe1913321d4cdf156bb842a4e1e4583b7375c631fa963efb43001c4eb7ff9ab8f78fc0679
  languageName: node
  linkType: hard

"ansi-regex@npm:^6.2.2":
  version: 6.2.2
  resolution: "ansi-regex@npm:6.2.2"
  checksum: 10c0/05d4acb1d2f59ab2cf4b794339c7b168890d44dda4bf0ce01152a8da0213aca207802f930442ce8cd22d7a92f44907664aac6508904e75e038fa944d2601b30f
  languageName: node
  linkType: hard

"ansi-styles@npm:^6.2.1, ansi-styles@npm:^6.2.3":
  version: 6.2.3
  resolution: "ansi-styles@npm:6.2.3"
  checksum: 10c0/23b8a4ce14e18fb854693b95351e286b771d23d8844057ed2e7d083cd3e708376c3323707ec6a24365f7d7eda3ca00327fe04092e29e551499ec4c8b7bfac868
  languageName: node
  linkType: hard

"balanced-match@npm:^4.0.2":
  version: 4.0.4
  resolution: "balanced-match@npm:4.0.4"
  checksum: 10c0/07e86102a3eb2ee2a6a1a89164f29d0dbaebd28f2ca3f5ca786f36b8b23d9e417eb3be45a4acf754f837be5ac0a2317de90d3fcb7f4f4dc95720a1f36b26a17b
  languageName: node
  linkType: hard

"brace-expansion@npm:^5.0.5":
  version: 5.0.5
  resolution: "brace-expansion@npm:5.0.5"
  dependencies:
    balanced-match: "npm:^4.0.2"
  checksum: 10c0/4d238e14ed4f5cc9c07285550a41cef23121ca08ba99fa9eb5b55b580dcb6bf868b8210aa10526bdc9f8dc97f33ca2a7259039c4cc131a93042beddb424c48e3
  languageName: node
  linkType: hard

"cli-cursor@npm:^5.0.0":
  version: 5.0.0
  resolution: "cli-cursor@npm:5.0.0"
  dependencies:
    restore-cursor: "npm:^5.0.0"
  checksum: 10c0/7ec62f69b79f6734ab209a3e4dbdc8af7422d44d360a7cb1efa8a0887bbe466a6e625650c466fe4359aee44dbe2dc0b6994b583d40a05d0808a5cb193641d220
  languageName: node
  linkType: hard

"cli-truncate@npm:^5.0.0":
  version: 5.2.0
  resolution: "cli-truncate@npm:5.2.0"
  dependencies:
    slice-ansi: "npm:^8.0.0"
    string-width: "npm:^8.2.0"
  checksum: 10c0/0d4ec94702ca85b64522ac93633837fb5ea7db17b79b1322a60f6045e6ae2b8cd7bd4c1d19ac7d1f9e10e3bbda1112e172e439b68c02b785ee00da8d6a5c5471
  languageName: node
  linkType: hard

"colorette@npm:^2.0.20":
  version: 2.0.20
  resolution: "colorette@npm:2.0.20"
  checksum: 10c0/e94116ff33b0ff56f3b83b9ace895e5bf87c2a7a47b3401b8c3f3226e050d5ef76cf4072fb3325f9dc24d1698f9b730baf4e05eeaf861d74a1883073f4c98a40
  languageName: node
  linkType: hard

"commander@npm:^14.0.3":
  version: 14.0.3
  resolution: "commander@npm:14.0.3"
  checksum: 10c0/755652564bbf56ff2ff083313912b326450d3f8d8c85f4b71416539c9a05c3c67dbd206821ca72635bf6b160e2afdefcb458e86b317827d5cb333b69ce7f1a24
  languageName: node
  linkType: hard

"cross-spawn@npm:^7.0.6":
  version: 7.0.6
  resolution: "cross-spawn@npm:7.0.6"
  dependencies:
    path-key: "npm:^3.1.0"
    shebang-command: "npm:^2.0.0"
    which: "npm:^2.0.1"
  checksum: 10c0/053ea8b2135caff68a9e81470e845613e374e7309a47731e81639de3eaeb90c3d01af0e0b44d2ab9d50b43467223b88567dfeb3262db942dc063b9976718ffc1
  languageName: node
  linkType: hard

"debug@npm:^4.3.1, debug@npm:^4.4.3":
  version: 4.4.3
  resolution: "debug@npm:4.4.3"
  dependencies:
    ms: "npm:^2.1.3"
  peerDependenciesMeta:
    supports-color:
      optional: true
  checksum: 10c0/d79136ec6c83ecbefd0f6a5593da6a9c91ec4d7ddc4b54c883d6e71ec9accb5f67a1a5e96d00a328196b5b5c86d365e98d8a3a70856aaf16b4e7b1985e67f5a6
  languageName: node
  linkType: hard

"debug@npm:^4.3.2":
  version: 4.3.4
  resolution: "debug@npm:4.3.4"
  dependencies:
    ms: "npm:2.1.2"
  peerDependenciesMeta:
    supports-color:
      optional: true
  checksum: 10c0/cedbec45298dd5c501d01b92b119cd3faebe5438c3917ff11ae1bff86a6c722930ac9c8659792824013168ba6db7c4668225d845c633fbdafbbf902a6389f736
  languageName: node
  linkType: hard

"deep-is@npm:^0.1.3":
  version: 0.1.3
  resolution: "deep-is@npm:0.1.3"
  checksum: 10c0/f4e21bf6fbb51bca0214e04f079deadfc5a0df3d7822f4b5e45e78960ae1e9a379b93d650377b80ccd0fc6bd7cd995a0aeabbcc7496b8c2dd16ec57aece82d74
  languageName: node
  linkType: hard

"emoji-regex@npm:^10.3.0":
  version: 10.6.0
  resolution: "emoji-regex@npm:10.6.0"
  checksum: 10c0/1e4aa097bb007301c3b4b1913879ae27327fdc48e93eeefefe3b87e495eb33c5af155300be951b4349ff6ac084f4403dc9eff970acba7c1c572d89396a9a32d7
  languageName: node
  linkType: hard

"environment@npm:^1.0.0":
  version: 1.1.0
  resolution: "environment@npm:1.1.0"
  checksum: 10c0/fb26434b0b581ab397039e51ff3c92b34924a98b2039dcb47e41b7bca577b9dbf134a8eadb364415c74464b682e2d3afe1a4c0eb9873dc44ea814c5d3103331d
  languageName: node
  linkType: hard

"escape-string-regexp@npm:^4.0.0":
  version: 4.0.0
  resolution: "escape-string-regexp@npm:4.0.0"
  checksum: 10c0/9497d4dd307d845bd7f75180d8188bb17ea8c151c1edbf6b6717c100e104d629dc2dfb687686181b0f4b7d732c7dfdc4d5e7a8ff72de1b0ca283a75bbb3a9cd9
  languageName: node
  linkType: hard

"eslint-config-prettier@npm:^10.1.8":
  version: 10.1.8
  resolution: "eslint-config-prettier@npm:10.1.8"
  peerDependencies:
    eslint: ">=7.0.0"
  bin:
    eslint-config-prettier: bin/cli.js
  checksum: 10c0/e1bcfadc9eccd526c240056b1e59c5cd26544fe59feb85f38f4f1f116caed96aea0b3b87868e68b3099e55caaac3f2e5b9f58110f85db893e83a332751192682
  languageName: node
  linkType: hard

"eslint-scope@npm:^9.1.2":
  version: 9.1.2
  resolution: "eslint-scope@npm:9.1.2"
  dependencies:
    "@types/esrecurse": "npm:^4.3.1"
    "@types/estree": "npm:^1.0.8"
    esrecurse: "npm:^4.3.0"
    estraverse: "npm:^5.2.0"
  checksum: 10c0/9fb8bca5a73e5741efb6cec84467027b6cb6f4203ff9b43a938e272c5cd30800bde46a5c20dfd1609f840225f0b62b7673be391b20acadf8658ca9fa4729b3dd
  languageName: node
  linkType: hard

"eslint-visitor-keys@npm:^3.4.3":
  version: 3.4.3
  resolution: "eslint-visitor-keys@npm:3.4.3"
  checksum: 10c0/92708e882c0a5ffd88c23c0b404ac1628cf20104a108c745f240a13c332a11aac54f49a22d5762efbffc18ecbc9a580d1b7ad034bf5f3cc3307e5cbff2ec9820
  languageName: node
  linkType: hard

"eslint-visitor-keys@npm:^5.0.0, eslint-visitor-keys@npm:^5.0.1":
  version: 5.0.1
  resolution: "eslint-visitor-keys@npm:5.0.1"
  checksum: 10c0/16190bdf2cbae40a1109384c94450c526a79b0b9c3cb21e544256ed85ac48a4b84db66b74a6561d20fe6ab77447f150d711c2ad5ad74df4fcc133736bce99678
  languageName: node
  linkType: hard

"eslint@npm:^10.2.0":
  version: 10.2.0
  resolution: "eslint@npm:10.2.0"
  dependencies:
    "@eslint-community/eslint-utils": "npm:^4.8.0"
    "@eslint-community/regexpp": "npm:^4.12.2"
    "@eslint/config-array": "npm:^0.23.4"
    "@eslint/config-helpers": "npm:^0.5.4"
    "@eslint/core": "npm:^1.2.0"
    "@eslint/plugin-kit": "npm:^0.7.0"
    "@humanfs/node": "npm:^0.16.6"
    "@humanwhocodes/module-importer": "npm:^1.0.1"
    "@humanwhocodes/retry": "npm:^0.4.2"
    "@types/estree": "npm:^1.0.6"
    ajv: "npm:^6.14.0"
    cross-spawn: "npm:^7.0.6"
    debug: "npm:^4.3.2"
    escape-string-regexp: "npm:^4.0.0"
    eslint-scope: "npm:^9.1.2"
    eslint-visitor-keys: "npm:^5.0.1"
    espree: "npm:^11.2.0"
    esquery: "npm:^1.7.0"
    esutils: "npm:^2.0.2"
    fast-deep-equal: "npm:^3.1.3"
    file-entry-cache: "npm:^8.0.0"
    find-up: "npm:^5.0.0"
    glob-parent: "npm:^6.0.2"
    ignore: "npm:^5.2.0"
    imurmurhash: "npm:^0.1.4"
    is-glob: "npm:^4.0.0"
    json-stable-stringify-without-jsonify: "npm:^1.0.1"
    minimatch: "npm:^10.2.4"
    natural-compare: "npm:^1.4.0"
    optionator: "npm:^0.9.3"
  peerDependencies:
    jiti: "*"
  peerDependenciesMeta:
    jiti:
      optional: true
  bin:
    eslint: bin/eslint.js
  checksum: 10c0/c275115f8937c243125986bf8f7d5c09bdc083f4a9fba8a77ad15a15989f05732f5037fe990cc1bc22dd887cf16060f57b8949dc5f1055d5020689adff49e219
  languageName: node
  linkType: hard

"espree@npm:^11.2.0":
  version: 11.2.0
  resolution: "espree@npm:11.2.0"
  dependencies:
    acorn: "npm:^8.16.0"
    acorn-jsx: "npm:^5.3.2"
    eslint-visitor-keys: "npm:^5.0.1"
  checksum: 10c0/cf87e18ffd9dc113eb8d16588e7757701bc10c9934a71cce8b89c2611d51672681a918307bd6b19ac3ccd0e7ba1cbccc2f815b36b52fa7e73097b251014c3d81
  languageName: node
  linkType: hard

"esquery@npm:^1.7.0":
  version: 1.7.0
  resolution: "esquery@npm:1.7.0"
  dependencies:
    estraverse: "npm:^5.1.0"
  checksum: 10c0/77d5173db450b66f3bc685d11af4c90cffeedb340f34a39af96d43509a335ce39c894fd79233df32d38f5e4e219fa0f7076f6ec90bae8320170ba082c0db4793
  languageName: node
  linkType: hard

"esrecurse@npm:^4.3.0":
  version: 4.3.0
  resolution: "esrecurse@npm:4.3.0"
  dependencies:
    estraverse: "npm:^5.2.0"
  checksum: 10c0/81a37116d1408ded88ada45b9fb16dbd26fba3aadc369ce50fcaf82a0bac12772ebd7b24cd7b91fc66786bf2c1ac7b5f196bc990a473efff972f5cb338877cf5
  languageName: node
  linkType: hard

"estraverse@npm:^5.1.0, estraverse@npm:^5.2.0":
  version: 5.2.0
  resolution: "estraverse@npm:5.2.0"
  checksum: 10c0/76a07411841ddf30a6a75afc93e8c00bbfe255a62dee7e1dc90b06ce0d7b939a00cf816ae94566ab5bc1cfde773a49387a35650287840b842143fff46f8f9ae3
  languageName: node
  linkType: hard

"esutils@npm:^2.0.2":
  version: 2.0.3
  resolution: "esutils@npm:2.0.3"
  checksum: 10c0/9a2fe69a41bfdade834ba7c42de4723c97ec776e40656919c62cbd13607c45e127a003f05f724a1ea55e5029a4cf2de444b13009f2af71271e42d93a637137c7
  languageName: node
  linkType: hard

"eventemitter3@npm:^5.0.1":
  version: 5.0.4
  resolution: "eventemitter3@npm:5.0.4"
  checksum: 10c0/575b8cac8d709e1473da46f8f15ef311b57ff7609445a7c71af5cd42598583eee6f098fa7a593e30f27e94b8865642baa0689e8fa97c016f742abdb3b1bf6d9a
  languageName: node
  linkType: hard

"fast-deep-equal@npm:^3.1.1, fast-deep-equal@npm:^3.1.3":
  version: 3.1.3
  resolution: "fast-deep-equal@npm:3.1.3"
  checksum: 10c0/40dedc862eb8992c54579c66d914635afbec43350afbbe991235fdcb4e3a8d5af1b23ae7e79bef7d4882d0ecee06c3197488026998fb19f72dc95acff1d1b1d0
  languageName: node
  linkType: hard

"fast-json-stable-stringify@npm:^2.0.0":
  version: 2.1.0
  resolution: "fast-json-stable-stringify@npm:2.1.0"
  checksum: 10c0/7f081eb0b8a64e0057b3bb03f974b3ef00135fbf36c1c710895cd9300f13c94ba809bb3a81cf4e1b03f6e5285610a61abbd7602d0652de423144dfee5a389c9b
  languageName: node
  linkType: hard

"fast-levenshtein@npm:^2.0.6":
  version: 2.0.6
  resolution: "fast-levenshtein@npm:2.0.6"
  checksum: 10c0/111972b37338bcb88f7d9e2c5907862c280ebf4234433b95bc611e518d192ccb2d38119c4ac86e26b668d75f7f3894f4ff5c4982899afced7ca78633b08287c4
  languageName: node
  linkType: hard

"fdir@npm:^6.5.0":
  version: 6.5.0
  resolution: "fdir@npm:6.5.0"
  peerDependencies:
    picomatch: ^3 || ^4
  peerDependenciesMeta:
    picomatch:
      optional: true
  checksum: 10c0/e345083c4306b3aed6cb8ec551e26c36bab5c511e99ea4576a16750ddc8d3240e63826cc624f5ae17ad4dc82e68a253213b60d556c11bfad064b7607847ed07f
  languageName: node
  linkType: hard

"file-entry-cache@npm:^8.0.0":
  version: 8.0.0
  resolution: "file-entry-cache@npm:8.0.0"
  dependencies:
    flat-cache: "npm:^4.0.0"
  checksum: 10c0/9e2b5938b1cd9b6d7e3612bdc533afd4ac17b2fc646569e9a8abbf2eb48e5eb8e316bc38815a3ef6a1b456f4107f0d0f055a614ca613e75db6bf9ff4d72c1638
  languageName: node
  linkType: hard

"find-up@npm:^5.0.0":
  version: 5.0.0
  resolution: "find-up@npm:5.0.0"
  dependencies:
    locate-path: "npm:^6.0.0"
    path-exists: "npm:^4.0.0"
  checksum: 10c0/062c5a83a9c02f53cdd6d175a37ecf8f87ea5bbff1fdfb828f04bfa021441bc7583e8ebc0872a4c1baab96221fb8a8a275a19809fb93fbc40bd69ec35634069a
  languageName: node
  linkType: hard

"flat-cache@npm:^4.0.0":
  version: 4.0.1
  resolution: "flat-cache@npm:4.0.1"
  dependencies:
    flatted: "npm:^3.2.9"
    keyv: "npm:^4.5.4"
  checksum: 10c0/2c59d93e9faa2523e4fda6b4ada749bed432cfa28c8e251f33b25795e426a1c6dbada777afb1f74fcfff33934fdbdea921ee738fcc33e71adc9d6eca984a1cfc
  languageName: node
  linkType: hard

"flatted@npm:^3.2.9":
  version: 3.4.2
  resolution: "flatted@npm:3.4.2"
  checksum: 10c0/a65b67aae7172d6cdf63691be7de6c5cd5adbdfdfe2e9da1a09b617c9512ed794037741ee53d93114276bff3f93cd3b0d97d54f9b316e1e4885dde6e9ffdf7ed
  languageName: node
  linkType: hard

"get-east-asian-width@npm:^1.0.0, get-east-asian-width@npm:^1.3.1, get-east-asian-width@npm:^1.5.0":
  version: 1.5.0
  resolution: "get-east-asian-width@npm:1.5.0"
  checksum: 10c0/bff8bbc8d81790b9477f7aa55b1806b9f082a8dc1359fff7bd8b96939622c86b729685afc2bfeb22def1fc6ef1e5228e4d87dd4e6da60bc43a5edfb03c4ee167
  languageName: node
  linkType: hard

"glob-parent@npm:^6.0.2":
  version: 6.0.2
  resolution: "glob-parent@npm:6.0.2"
  dependencies:
    is-glob: "npm:^4.0.3"
  checksum: 10c0/317034d88654730230b3f43bb7ad4f7c90257a426e872ea0bf157473ac61c99bf5d205fad8f0185f989be8d2fa6d3c7dce1645d99d545b6ea9089c39f838e7f8
  languageName: node
  linkType: hard

"husky@npm:^9.1.7":
  version: 9.1.7
  resolution: "husky@npm:9.1.7"
  bin:
    husky: bin.js
  checksum: 10c0/35bb110a71086c48906aa7cd3ed4913fb913823715359d65e32e0b964cb1e255593b0ae8014a5005c66a68e6fa66c38dcfa8056dbbdfb8b0187c0ffe7ee3a58f
  languageName: node
  linkType: hard

"ignore@npm:^5.2.0":
  version: 5.2.4
  resolution: "ignore@npm:5.2.4"
  checksum: 10c0/7c7cd90edd9fea6e037f9b9da4b01bf0a86b198ce78345f9bbd983929d68ff14830be31111edc5d70c264921f4962404d75b7262b4d9cc3bc12381eccbd03096
  languageName: node
  linkType: hard

"ignore@npm:^7.0.5":
  version: 7.0.5
  resolution: "ignore@npm:7.0.5"
  checksum: 10c0/ae00db89fe873064a093b8999fe4cc284b13ef2a178636211842cceb650b9c3e390d3339191acb145d81ed5379d2074840cf0c33a20bdbd6f32821f79eb4ad5d
  languageName: node
  linkType: hard

"imurmurhash@npm:^0.1.4":
  version: 0.1.4
  resolution: "imurmurhash@npm:0.1.4"
  checksum: 10c0/8b51313850dd33605c6c9d3fd9638b714f4c4c40250cff658209f30d40da60f78992fb2df5dabee4acf589a6a82bbc79ad5486550754bd9ec4e3fc0d4a57d6a6
  languageName: node
  linkType: hard

"is-extglob@npm:^2.1.1":
  version: 2.1.1
  resolution: "is-extglob@npm:2.1.1"
  checksum: 10c0/5487da35691fbc339700bbb2730430b07777a3c21b9ebaecb3072512dfd7b4ba78ac2381a87e8d78d20ea08affb3f1971b4af629173a6bf435ff8a4c47747912
  languageName: node
  linkType: hard

"is-fullwidth-code-point@npm:^5.0.0, is-fullwidth-code-point@npm:^5.1.0":
  version: 5.1.0
  resolution: "is-fullwidth-code-point@npm:5.1.0"
  dependencies:
    get-east-asian-width: "npm:^1.3.1"
  checksum: 10c0/c1172c2e417fb73470c56c431851681591f6a17233603a9e6f94b7ba870b2e8a5266506490573b607fb1081318589372034aa436aec07b465c2029c0bc7f07a4
  languageName: node
  linkType: hard

"is-glob@npm:^4.0.0":
  version: 4.0.1
  resolution: "is-glob@npm:4.0.1"
  dependencies:
    is-extglob: "npm:^2.1.1"
  checksum: 10c0/a8414252499e4381756c36fe52ed778e090dd21d8cb81053384eafd5bc4fc36a6232ef528156ec98dce561f589d1d16659b7f9679b8c86864ac3c6acd5da6f66
  languageName: node
  linkType: hard

"is-glob@npm:^4.0.3":
  version: 4.0.3
  resolution: "is-glob@npm:4.0.3"
  dependencies:
    is-extglob: "npm:^2.1.1"
  checksum: 10c0/17fb4014e22be3bbecea9b2e3a76e9e34ff645466be702f1693e8f1ee1adac84710d0be0bd9f967d6354036fd51ab7c2741d954d6e91dae6bb69714de92c197a
  languageName: node
  linkType: hard

"isexe@npm:^2.0.0":
  version: 2.0.0
  resolution: "isexe@npm:2.0.0"
  checksum: 10c0/228cfa503fadc2c31596ab06ed6aa82c9976eec2bfd83397e7eaf06d0ccf42cd1dfd6743bf9aeb01aebd4156d009994c5f76ea898d2832c1fe342da923ca457d
  languageName: node
  linkType: hard

"js-routes@workspace:.":
  version: 0.0.0-use.local
  resolution: "js-routes@workspace:."
  dependencies:
    "@typescript-eslint/eslint-plugin": "npm:^8.58.0"
    "@typescript-eslint/parser": "npm:^8.58.0"
    eslint: "npm:^10.2.0"
    eslint-config-prettier: "npm:^10.1.8"
    husky: "npm:^9.1.7"
    lint-staged: "npm:^16.4.0"
    pinst: "npm:^3.0.0"
    prettier: "npm:^3.8.1"
    typescript: "npm:^6.0.2"
  languageName: unknown
  linkType: soft

"json-buffer@npm:3.0.1":
  version: 3.0.1
  resolution: "json-buffer@npm:3.0.1"
  checksum: 10c0/0d1c91569d9588e7eef2b49b59851f297f3ab93c7b35c7c221e288099322be6b562767d11e4821da500f3219542b9afd2e54c5dc573107c1126ed1080f8e96d7
  languageName: node
  linkType: hard

"json-schema-traverse@npm:^0.4.1":
  version: 0.4.1
  resolution: "json-schema-traverse@npm:0.4.1"
  checksum: 10c0/108fa90d4cc6f08243aedc6da16c408daf81793bf903e9fd5ab21983cda433d5d2da49e40711da016289465ec2e62e0324dcdfbc06275a607fe3233fde4942ce
  languageName: node
  linkType: hard

"json-stable-stringify-without-jsonify@npm:^1.0.1":
  version: 1.0.1
  resolution: "json-stable-stringify-without-jsonify@npm:1.0.1"
  checksum: 10c0/cb168b61fd4de83e58d09aaa6425ef71001bae30d260e2c57e7d09a5fd82223e2f22a042dedaab8db23b7d9ae46854b08bb1f91675a8be11c5cffebef5fb66a5
  languageName: node
  linkType: hard

"keyv@npm:^4.5.4":
  version: 4.5.4
  resolution: "keyv@npm:4.5.4"
  dependencies:
    json-buffer: "npm:3.0.1"
  checksum: 10c0/aa52f3c5e18e16bb6324876bb8b59dd02acf782a4b789c7b2ae21107fab95fab3890ed448d4f8dba80ce05391eeac4bfabb4f02a20221342982f806fa2cf271e
  languageName: node
  linkType: hard

"levn@npm:^0.4.1":
  version: 0.4.1
  resolution: "levn@npm:0.4.1"
  dependencies:
    prelude-ls: "npm:^1.2.1"
    type-check: "npm:~0.4.0"
  checksum: 10c0/effb03cad7c89dfa5bd4f6989364bfc79994c2042ec5966cb9b95990e2edee5cd8969ddf42616a0373ac49fac1403437deaf6e9050fbbaa3546093a59b9ac94e
  languageName: node
  linkType: hard

"lint-staged@npm:^16.4.0":
  version: 16.4.0
  resolution: "lint-staged@npm:16.4.0"
  dependencies:
    commander: "npm:^14.0.3"
    listr2: "npm:^9.0.5"
    picomatch: "npm:^4.0.3"
    string-argv: "npm:^0.3.2"
    tinyexec: "npm:^1.0.4"
    yaml: "npm:^2.8.2"
  bin:
    lint-staged: bin/lint-staged.js
  checksum: 10c0/67625a49a2a01368c7df2da7e553567a79c4b261d9faf3436e00fc3a2f9c4bbe7295909012c47b3d9029e269fd7d7469901a5120573527a032f15797aa497c26
  languageName: node
  linkType: hard

"listr2@npm:^9.0.5":
  version: 9.0.5
  resolution: "listr2@npm:9.0.5"
  dependencies:
    cli-truncate: "npm:^5.0.0"
    colorette: "npm:^2.0.20"
    eventemitter3: "npm:^5.0.1"
    log-update: "npm:^6.1.0"
    rfdc: "npm:^1.4.1"
    wrap-ansi: "npm:^9.0.0"
  checksum: 10c0/46448d1ba0addc9d71aeafd05bb8e86ded9641ccad930ac302c2bd2ad71580375604743e18586fcb8f11906edf98e8e17fca75ba0759947bf275d381f68e311d
  languageName: node
  linkType: hard

"locate-path@npm:^6.0.0":
  version: 6.0.0
  resolution: "locate-path@npm:6.0.0"
  dependencies:
    p-locate: "npm:^5.0.0"
  checksum: 10c0/d3972ab70dfe58ce620e64265f90162d247e87159b6126b01314dd67be43d50e96a50b517bce2d9452a79409c7614054c277b5232377de50416564a77ac7aad3
  languageName: node
  linkType: hard

"log-update@npm:^6.1.0":
  version: 6.1.0
  resolution: "log-update@npm:6.1.0"
  dependencies:
    ansi-escapes: "npm:^7.0.0"
    cli-cursor: "npm:^5.0.0"
    slice-ansi: "npm:^7.1.0"
    strip-ansi: "npm:^7.1.0"
    wrap-ansi: "npm:^9.0.0"
  checksum: 10c0/4b350c0a83d7753fea34dcac6cd797d1dc9603291565de009baa4aa91c0447eab0d3815a05c8ec9ac04fdfffb43c82adcdb03ec1fceafd8518e1a8c1cff4ff89
  languageName: node
  linkType: hard

"mimic-function@npm:^5.0.0":
  version: 5.0.1
  resolution: "mimic-function@npm:5.0.1"
  checksum: 10c0/f3d9464dd1816ecf6bdf2aec6ba32c0728022039d992f178237d8e289b48764fee4131319e72eedd4f7f094e22ded0af836c3187a7edc4595d28dd74368fd81d
  languageName: node
  linkType: hard

"minimatch@npm:^10.2.2, minimatch@npm:^10.2.4":
  version: 10.2.5
  resolution: "minimatch@npm:10.2.5"
  dependencies:
    brace-expansion: "npm:^5.0.5"
  checksum: 10c0/6bb058bd6324104b9ec2f763476a35386d05079c1f5fe4fbf1f324a25237cd4534d6813ecd71f48208f4e635c1221899bef94c3c89f7df55698fe373aaae20fd
  languageName: node
  linkType: hard

"ms@npm:2.1.2":
  version: 2.1.2
  resolution: "ms@npm:2.1.2"
  checksum: 10c0/a437714e2f90dbf881b5191d35a6db792efbca5badf112f87b9e1c712aace4b4b9b742dd6537f3edf90fd6f684de897cec230abde57e87883766712ddda297cc
  languageName: node
  linkType: hard

"ms@npm:^2.1.3":
  version: 2.1.3
  resolution: "ms@npm:2.1.3"
  checksum: 10c0/d924b57e7312b3b63ad21fc5b3dc0af5e78d61a1fc7cfb5457edaf26326bf62be5307cc87ffb6862ef1c2b33b0233cdb5d4f01c4c958cc0d660948b65a287a48
  languageName: node
  linkType: hard

"natural-compare@npm:^1.4.0":
  version: 1.4.0
  resolution: "natural-compare@npm:1.4.0"
  checksum: 10c0/f5f9a7974bfb28a91afafa254b197f0f22c684d4a1731763dda960d2c8e375b36c7d690e0d9dc8fba774c537af14a7e979129bca23d88d052fbeb9466955e447
  languageName: node
  linkType: hard

"onetime@npm:^7.0.0":
  version: 7.0.0
  resolution: "onetime@npm:7.0.0"
  dependencies:
    mimic-function: "npm:^5.0.0"
  checksum: 10c0/5cb9179d74b63f52a196a2e7037ba2b9a893245a5532d3f44360012005c9cadb60851d56716ebff18a6f47129dab7168022445df47c2aff3b276d92585ed1221
  languageName: node
  linkType: hard

"optionator@npm:^0.9.3":
  version: 0.9.4
  resolution: "optionator@npm:0.9.4"
  dependencies:
    deep-is: "npm:^0.1.3"
    fast-levenshtein: "npm:^2.0.6"
    levn: "npm:^0.4.1"
    prelude-ls: "npm:^1.2.1"
    type-check: "npm:^0.4.0"
    word-wrap: "npm:^1.2.5"
  checksum: 10c0/4afb687a059ee65b61df74dfe87d8d6815cd6883cb8b3d5883a910df72d0f5d029821f37025e4bccf4048873dbdb09acc6d303d27b8f76b1a80dd5a7d5334675
  languageName: node
  linkType: hard

"p-limit@npm:^3.0.2":
  version: 3.1.0
  resolution: "p-limit@npm:3.1.0"
  dependencies:
    yocto-queue: "npm:^0.1.0"
  checksum: 10c0/9db675949dbdc9c3763c89e748d0ef8bdad0afbb24d49ceaf4c46c02c77d30db4e0652ed36d0a0a7a95154335fab810d95c86153105bb73b3a90448e2bb14e1a
  languageName: node
  linkType: hard

"p-locate@npm:^5.0.0":
  version: 5.0.0
  resolution: "p-locate@npm:5.0.0"
  dependencies:
    p-limit: "npm:^3.0.2"
  checksum: 10c0/2290d627ab7903b8b70d11d384fee714b797f6040d9278932754a6860845c4d3190603a0772a663c8cb5a7b21d1b16acb3a6487ebcafa9773094edc3dfe6009a
  languageName: node
  linkType: hard

"path-exists@npm:^4.0.0":
  version: 4.0.0
  resolution: "path-exists@npm:4.0.0"
  checksum: 10c0/8c0bd3f5238188197dc78dced15207a4716c51cc4e3624c44fc97acf69558f5ebb9a2afff486fe1b4ee148e0c133e96c5e11a9aa5c48a3006e3467da070e5e1b
  languageName: node
  linkType: hard

"path-key@npm:^3.1.0":
  version: 3.1.1
  resolution: "path-key@npm:3.1.1"
  checksum: 10c0/748c43efd5a569c039d7a00a03b58eecd1d75f3999f5a28303d75f521288df4823bc057d8784eb72358b2895a05f29a070bc9f1f17d28226cc4e62494cc58c4c
  languageName: node
  linkType: hard

"picomatch@npm:^4.0.3":
  version: 4.0.4
  resolution: "picomatch@npm:4.0.4"
  checksum: 10c0/e2c6023372cc7b5764719a5ffb9da0f8e781212fa7ca4bd0562db929df8e117460f00dff3cb7509dacfc06b86de924b247f504d0ce1806a37fac4633081466b0
  languageName: node
  linkType: hard

"pinst@npm:^3.0.0":
  version: 3.0.0
  resolution: "pinst@npm:3.0.0"
  bin:
    pinst: bin.js
  checksum: 10c0/abb1ed62ea2acb2207a7a860715bdb26ecbde74ede8fad5f6200194f3e22db25e2b7a49af05e5cc7fc05384709c651e0000323f0077d7239060c4b68c8acd428
  languageName: node
  linkType: hard

"prelude-ls@npm:^1.2.1":
  version: 1.2.1
  resolution: "prelude-ls@npm:1.2.1"
  checksum: 10c0/b00d617431e7886c520a6f498a2e14c75ec58f6d93ba48c3b639cf241b54232d90daa05d83a9e9b9fef6baa63cb7e1e4602c2372fea5bc169668401eb127d0cd
  languageName: node
  linkType: hard

"prettier@npm:^3.8.1":
  version: 3.8.1
  resolution: "prettier@npm:3.8.1"
  bin:
    prettier: bin/prettier.cjs
  checksum: 10c0/33169b594009e48f570471271be7eac7cdcf88a209eed39ac3b8d6d78984039bfa9132f82b7e6ba3b06711f3bfe0222a62a1bfb87c43f50c25a83df1b78a2c42
  languageName: node
  linkType: hard

"punycode@npm:^2.1.0":
  version: 2.1.1
  resolution: "punycode@npm:2.1.1"
  checksum: 10c0/83815ca9b9177f055771f31980cbec7ffaef10257d50a95ab99b4a30f0404846e85fa6887ee1bbc0aaddb7bad6d96e2fa150a016051ff0f6b92be4ad613ddca8
  languageName: node
  linkType: hard

"restore-cursor@npm:^5.0.0":
  version: 5.1.0
  resolution: "restore-cursor@npm:5.1.0"
  dependencies:
    onetime: "npm:^7.0.0"
    signal-exit: "npm:^4.1.0"
  checksum: 10c0/c2ba89131eea791d1b25205bdfdc86699767e2b88dee2a590b1a6caa51737deac8bad0260a5ded2f7c074b7db2f3a626bcf1fcf3cdf35974cbeea5e2e6764f60
  languageName: node
  linkType: hard

"rfdc@npm:^1.4.1":
  version: 1.4.1
  resolution: "rfdc@npm:1.4.1"
  checksum: 10c0/4614e4292356cafade0b6031527eea9bc90f2372a22c012313be1dcc69a3b90c7338158b414539be863fa95bfcb2ddcd0587be696841af4e6679d85e62c060c7
  languageName: node
  linkType: hard

"semver@npm:^7.7.3":
  version: 7.7.4
  resolution: "semver@npm:7.7.4"
  bin:
    semver: bin/semver.js
  checksum: 10c0/5215ad0234e2845d4ea5bb9d836d42b03499546ddafb12075566899fc617f68794bb6f146076b6881d755de17d6c6cc73372555879ec7dce2c2feee947866ad2
  languageName: node
  linkType: hard

"shebang-command@npm:^2.0.0":
  version: 2.0.0
  resolution: "shebang-command@npm:2.0.0"
  dependencies:
    shebang-regex: "npm:^3.0.0"
  checksum: 10c0/a41692e7d89a553ef21d324a5cceb5f686d1f3c040759c50aab69688634688c5c327f26f3ecf7001ebfd78c01f3c7c0a11a7c8bfd0a8bc9f6240d4f40b224e4e
  languageName: node
  linkType: hard

"shebang-regex@npm:^3.0.0":
  version: 3.0.0
  resolution: "shebang-regex@npm:3.0.0"
  checksum: 10c0/1dbed0726dd0e1152a92696c76c7f06084eb32a90f0528d11acd764043aacf76994b2fb30aa1291a21bd019d6699164d048286309a278855ee7bec06cf6fb690
  languageName: node
  linkType: hard

"signal-exit@npm:^4.1.0":
  version: 4.1.0
  resolution: "signal-exit@npm:4.1.0"
  checksum: 10c0/41602dce540e46d599edba9d9860193398d135f7ff72cab629db5171516cfae628d21e7bfccde1bbfdf11c48726bc2a6d1a8fb8701125852fbfda7cf19c6aa83
  languageName: node
  linkType: hard

"slice-ansi@npm:^7.1.0":
  version: 7.1.2
  resolution: "slice-ansi@npm:7.1.2"
  dependencies:
    ansi-styles: "npm:^6.2.1"
    is-fullwidth-code-point: "npm:^5.0.0"
  checksum: 10c0/36742f2eb0c03e2e81a38ed14d13a64f7b732fe38c3faf96cce0599788a345011e840db35f1430ca606ea3f8db2abeb92a8d25c2753a819e3babaa10c2e289a2
  languageName: node
  linkType: hard

"slice-ansi@npm:^8.0.0":
  version: 8.0.0
  resolution: "slice-ansi@npm:8.0.0"
  dependencies:
    ansi-styles: "npm:^6.2.3"
    is-fullwidth-code-point: "npm:^5.1.0"
  checksum: 10c0/0ce4aa91febb7cea4a00c2c27bb820fa53b6d2862ce0f80f7120134719f7914fc416b0ed966cf35250a3169e152916392f35917a2d7cad0fcc5d8b841010fa9a
  languageName: node
  linkType: hard

"string-argv@npm:^0.3.2":
  version: 0.3.2
  resolution: "string-argv@npm:0.3.2"
  checksum: 10c0/75c02a83759ad1722e040b86823909d9a2fc75d15dd71ec4b537c3560746e33b5f5a07f7332d1e3f88319909f82190843aa2f0a0d8c8d591ec08e93d5b8dec82
  languageName: node
  linkType: hard

"string-width@npm:^7.0.0":
  version: 7.2.0
  resolution: "string-width@npm:7.2.0"
  dependencies:
    emoji-regex: "npm:^10.3.0"
    get-east-asian-width: "npm:^1.0.0"
    strip-ansi: "npm:^7.1.0"
  checksum: 10c0/eb0430dd43f3199c7a46dcbf7a0b34539c76fe3aa62763d0b0655acdcbdf360b3f66f3d58ca25ba0205f42ea3491fa00f09426d3b7d3040e506878fc7664c9b9
  languageName: node
  linkType: hard

"string-width@npm:^8.2.0":
  version: 8.2.0
  resolution: "string-width@npm:8.2.0"
  dependencies:
    get-east-asian-width: "npm:^1.5.0"
    strip-ansi: "npm:^7.1.2"
  checksum: 10c0/d8915428b43519b0f494da6590dbe4491857d8a12e40250e50fc01fbb616ffd8400a436bbe25712255ee129511fe0414c49d3b6b9627e2bc3a33dcec1d2eda02
  languageName: node
  linkType: hard

"strip-ansi@npm:^7.1.0, strip-ansi@npm:^7.1.2":
  version: 7.2.0
  resolution: "strip-ansi@npm:7.2.0"
  dependencies:
    ansi-regex: "npm:^6.2.2"
  checksum: 10c0/544d13b7582f8254811ea97db202f519e189e59d35740c46095897e254e4f1aa9fe1524a83ad6bc5ad67d4dd6c0281d2e0219ed62b880a6238a16a17d375f221
  languageName: node
  linkType: hard

"tinyexec@npm:^1.0.4":
  version: 1.0.4
  resolution: "tinyexec@npm:1.0.4"
  checksum: 10c0/d4a5bbcf6bdb23527a4b74c4aa566f41432167112fe76f420ec7e3a90a3ecfd3a7d944383e2719fc3987b69400f7b928daf08700d145fb527c2e80ec01e198bd
  languageName: node
  linkType: hard

"tinyglobby@npm:^0.2.15":
  version: 0.2.15
  resolution: "tinyglobby@npm:0.2.15"
  dependencies:
    fdir: "npm:^6.5.0"
    picomatch: "npm:^4.0.3"
  checksum: 10c0/869c31490d0d88eedb8305d178d4c75e7463e820df5a9b9d388291daf93e8b1eb5de1dad1c1e139767e4269fe75f3b10d5009b2cc14db96ff98986920a186844
  languageName: node
  linkType: hard

"ts-api-utils@npm:^2.5.0":
  version: 2.5.0
  resolution: "ts-api-utils@npm:2.5.0"
  peerDependencies:
    typescript: ">=4.8.4"
  checksum: 10c0/767849383c114e7f1971fa976b20e73ac28fd0c70d8d65c0004790bf4d8f89888c7e4cf6d5949f9c1beae9bc3c64835bef77bbe27fddf45a3c7b60cebcf85c8c
  languageName: node
  linkType: hard

"type-check@npm:^0.4.0, type-check@npm:~0.4.0":
  version: 0.4.0
  resolution: "type-check@npm:0.4.0"
  dependencies:
    prelude-ls: "npm:^1.2.1"
  checksum: 10c0/7b3fd0ed43891e2080bf0c5c504b418fbb3e5c7b9708d3d015037ba2e6323a28152ec163bcb65212741fa5d2022e3075ac3c76440dbd344c9035f818e8ecee58
  languageName: node
  linkType: hard

"typescript@npm:^6.0.2":
  version: 6.0.2
  resolution: "typescript@npm:6.0.2"
  bin:
    tsc: bin/tsc
    tsserver: bin/tsserver
  checksum: 10c0/4b860b0bf87cc0fee0f66d8ef2640b5a8a8a8c74d1129adb82e389e5f97124383823c47946bef8a73ede371461143a3aa8544399d2133c7b2e4f07e81860af7f
  languageName: node
  linkType: hard

"typescript@patch:typescript@npm%3A^6.0.2#optional!builtin<compat/typescript>":
  version: 6.0.2
  resolution: "typescript@patch:typescript@npm%3A6.0.2#optional!builtin<compat/typescript>::version=6.0.2&hash=5786d5"
  bin:
    tsc: bin/tsc
    tsserver: bin/tsserver
  checksum: 10c0/49f0b84fc6ca55653e77752b8a61beabc09ee3dae5d965c31596225aa6ef213c5727b1d2e895b900416dc603854ba0872ac4a812c2a4ed6793a601f9c675de02
  languageName: node
  linkType: hard

"uri-js@npm:^4.2.2":
  version: 4.4.0
  resolution: "uri-js@npm:4.4.0"
  dependencies:
    punycode: "npm:^2.1.0"
  checksum: 10c0/72a6d27da355577a4d7dcfd9eadc891b24fad4a4295d56eed7dda2e3df40c4010d69aaf4bb303b2b3564afb16ca16897e97963c07446f5763abb89aa60ea1c19
  languageName: node
  linkType: hard

"which@npm:^2.0.1":
  version: 2.0.2
  resolution: "which@npm:2.0.2"
  dependencies:
    isexe: "npm:^2.0.0"
  bin:
    node-which: ./bin/node-which
  checksum: 10c0/66522872a768b60c2a65a57e8ad184e5372f5b6a9ca6d5f033d4b0dc98aff63995655a7503b9c0a2598936f532120e81dd8cc155e2e92ed662a2b9377cc4374f
  languageName: node
  linkType: hard

"word-wrap@npm:^1.2.5":
  version: 1.2.5
  resolution: "word-wrap@npm:1.2.5"
  checksum: 10c0/e0e4a1ca27599c92a6ca4c32260e8a92e8a44f4ef6ef93f803f8ed823f486e0889fc0b93be4db59c8d51b3064951d25e43d434e95dc8c960cc3a63d65d00ba20
  languageName: node
  linkType: hard

"wrap-ansi@npm:^9.0.0":
  version: 9.0.2
  resolution: "wrap-ansi@npm:9.0.2"
  dependencies:
    ansi-styles: "npm:^6.2.1"
    string-width: "npm:^7.0.0"
    strip-ansi: "npm:^7.1.0"
  checksum: 10c0/3305839b9a0d6fb930cb63a52f34d3936013d8b0682ff3ec133c9826512620f213800ffa19ea22904876d5b7e9a3c1f40682f03597d986a4ca881fa7b033688c
  languageName: node
  linkType: hard

"yaml@npm:^2.8.2":
  version: 2.8.3
  resolution: "yaml@npm:2.8.3"
  bin:
    yaml: bin.mjs
  checksum: 10c0/ddff0e11c1b467728d7eb4633db61c5f5de3d8e9373cf84d08fb0cdee03e1f58f02b9f1c51a4a8a865751695addbd465a77f73f1079be91fe5493b29c305fd77
  languageName: node
  linkType: hard

"yocto-queue@npm:^0.1.0":
  version: 0.1.0
  resolution: "yocto-queue@npm:0.1.0"
  checksum: 10c0/dceb44c28578b31641e13695d200d34ec4ab3966a5729814d5445b194933c096b7ced71494ce53a0e8820685d1d010df8b2422e5bf2cdea7e469d97ffbea306f
  languageName: node
  linkType: hard
